files:
  tests/broken_export_payloads.py:
    sha256: ff0e2d67af07a92fa21a38ec9cdcff5ca4a0243e770ad04dc09b77a62b312d18
    test_functions: 0
  tests/chart_selection_walk.py:
    sha256: 39dc2b206f3805a2c5a78f208af0d0933aedc4cf2922e8bde555979ce22a88f8
    test_functions: 0
  tests/committed_chart_vocabulary.py:
    sha256: efb47e0d24791ea616b114796458b57dd630b3d1205a315bd1dfe6702be8a930
    test_functions: 0
  tests/corrupted_artifacts.py:
    sha256: 1a340250a4e1ebe5f6ae28c8f1229ce87d3763cd90e76dff50f83b6b862889ad
    test_functions: 0
  tests/derived_chart_shape.py:
    sha256: 36b9335e198a345298eae6575d3580474851d8910efa461f4c47f1a4e0763d13
    test_functions: 0
  tests/full_table_queries.py:
    sha256: f3d223b2876cdc5d6dfbe345a4afba6916366f582d777fad0feb3be3c251847f
    test_functions: 0
  tests/test_action_order.py:
    sha256: d4a24387414152a5679d8a040f712e34dc01d879ecd20e693b2f6b8a5034ff0f
    test_functions: 21
  tests/test_ask_preflop_chart.py:
    sha256: 49876fc758b2ffbc3ae736477f9ba919b15347bd9c39568b83795ef63ee30d11
    test_functions: 26
  tests/test_chart_arrival_probability.py:
    sha256: 6fdeb5d67c31bff7d3bac1d9b3e64998a07d2887c5d69a06db5f98cd9cf7214f
    test_functions: 14
  tests/test_chart_census.py:
    sha256: 61b7fad5f5882f305350a5ca8f7ccd0b4c962420be6303dc7f7d6450e548cd08
    test_functions: 8
  tests/test_chart_conversion.py:
    sha256: bf9980f7a2458a55b246ec88c719ea37eda007a3ae56b91aae864119df9ed268
    test_functions: 12
  tests/test_chart_counterfactual_arms.py:
    sha256: f9aeafb79298ea48152a0a33501a7affa33de2ed09df5e3e7e09f25152833e37
    test_functions: 5
  tests/test_chart_cutover_evidence.py:
    sha256: 05e0b436461096b419f3b1753c8fd7778dd6610f61958a9909cfe68cc3d7f12e
    test_functions: 8
  tests/test_chart_derivation.py:
    sha256: c57efd5a065955ed01b1dde48f195a2da005022b435cc386e924f6a7e4e00773
    test_functions: 6
  tests/test_check_scope.py:
    sha256: 13d96d1dea8f0c76bccc8ac143a18b69f1a0bebd35b3732ff616e552c623af33
    test_functions: 13
  tests/test_command_registry.py:
    sha256: 8c65b24ff3c00beb2e87abfa0d53caf5741c3fbf20be5ad215227a6847cf5e0a
    test_functions: 9
  tests/test_derived_chart.py:
    sha256: a41656ddcaadfa248ed832b1de4d8893fdc9a345135d9a6789b39fa913b7c295
    test_functions: 12
  tests/test_derived_chart_report.py:
    sha256: e100bb5a1fb32ca9e539aa3f5613501f03ec95f36c814c181c2a7968c102041a
    test_functions: 5
  tests/test_derived_chart_report_cutover.py:
    sha256: f9069aa25b59bfc9c8bc1f99b2c4728df1064da3a854082b41b9e38f0ddd668e
    test_functions: 4
  tests/test_derived_chart_report_ranges.py:
    sha256: f88efc01dd7cf46d9fc59e11297f9fa9be40d5ea040af4586d80b0d3f7e3b76a
    test_functions: 9
  tests/test_derived_chart_report_validators.py:
    sha256: 8ba700a3bfafc2ac9dc902e4a3a0f93fc26e64156a1eb499485b49ce09428a6c
    test_functions: 14
  tests/test_engine_fidelity.py:
    sha256: 013a659e736a05f228c5487678591f904c9262d2c8e3b83eb7e4abc48bc5fb03
    test_functions: 52
  tests/test_execplan_delegation.py:
    sha256: a37a70f01787f099ece26466747fb9ba575eb01fcddfe0fd65b3985472cb7ed0
    test_functions: 10
  tests/test_full_table_preflop.py:
    sha256: 7e7843b29dfdcc2a3437edc7ff4815e778deb9ccf402f247dd69dca5f7209c2b
    test_functions: 50
  tests/test_hand_history.py:
    sha256: 9d431bf4ffbaedeb940f907fd5fe0929b3d0d6cdf2f3f11fc2e0eb0d5459497c
    test_functions: 18
  tests/test_import_smoke.py:
    sha256: 13c10f0f4c58cbaa9a83a8c49507d021e804846395473bdfcd900f01415fe46e
    test_functions: 1
  tests/test_loop_fleet.py:
    sha256: ac1c451f031524a9544d85afc6bb19623ad7034b19bc31456ddbf20485686b63
    test_functions: 38
  tests/test_loop_machinery.py:
    sha256: b6175f80d1b1bc894482f788eda0d936145393abb9e8dea0d3ba448ea29a0eba
    test_functions: 59
  tests/test_mutation_sweep.py:
    sha256: 605d39ef73215b1c191edfe602c736c4475392d0a1c208482b1649e22b1c4309
    test_functions: 30
  tests/test_poker_core.py:
    sha256: a11a3e8b94dcb37033e366fa55c13ae6007c8f75318f315a69b3e4e9041953b2
    test_functions: 9
  tests/test_postflop_artifact.py:
    sha256: 5235cbaa814a59c18e8bed391ddbae7bf03860bfa1f67d74691cd5e2ea2c17ae
    test_functions: 38
  tests/test_postflop_betting.py:
    sha256: 46499c807dfe2e175db0f0d9e91699e6b026329778a6f1109454452ade6cf743
    test_functions: 34
  tests/test_postflop_betting_report.py:
    sha256: ef1dd53719f6348318457a97afc664e8531bf6f898b4c70921c8f062a7bdc023
    test_functions: 66
  tests/test_postflop_fallback.py:
    sha256: 947d3ddaed9e1bbf1f68623e2c012b0fcccf76ae50768de7c9ce6bd91ac4e335
    test_functions: 26
  tests/test_postflop_fallback_components.py:
    sha256: 088dc5e109f57b3be5df3cb7510450b1dfc05f0ebf3028adb7fa77c3f947a9d0
    test_functions: 13
  tests/test_postflop_key.py:
    sha256: 80163d903f5431695154642daf3d11900e25675dcacdecb304b064ee41a0df7f
    test_functions: 52
  tests/test_postflop_query_recording.py:
    sha256: 43da4e2d717db8787d997a3e12fcf1b2a2bccb4434adcabbf6f681ce65f28049
    test_functions: 21
  tests/test_postflop_solve_driver.py:
    sha256: e5a8a54a287ea4b556eba5777790b1f1382856811d25208e780c1f2d5a87d34c
    test_functions: 27
  tests/test_preflop_artifacts.py:
    sha256: 03db513bf566a9a92da4e1e15de09ff3660eb8992bd12f3afd9018652f830f83
    test_functions: 30
  tests/test_preflop_committed_charts.py:
    sha256: 671f086e6676135d47d424691d8a17786947f586f4f5b09b44938c0aa6de6e3d
    test_functions: 30
  tests/test_preflop_committed_lookup.py:
    sha256: 5efaa16029ebeed7317f0ec1a153c0f3b3044d607074ae7ed59176375b6c11de
    test_functions: 10
  tests/test_preflop_lookup.py:
    sha256: bc39c2a99c62bc81819382462541e67d169cfd4bccf744e29ce7016c613af201
    test_functions: 25
  tests/test_preflop_positions.py:
    sha256: cb051eb9e8e2f707f306ae182ad38bc038870661dde5ba002b60989c0c2c1c87
    test_functions: 28
  tests/test_quality_hardening.py:
    sha256: 7f67f6962cb108fde91960995f538154bf21d78b821e85001e81d36eedbb46db
    test_functions: 25
  tests/test_sample_comparison.py:
    sha256: 089d859550fff9a2619bcdeb5c84b2c4b40abc165c920230d6aa104095e13c5a
    test_functions: 46
  tests/test_sample_comparison_report.py:
    sha256: 2643a2269e9050fe5ca29f629744c808c5892f7f2f5902700382e8982efc9d8e
    test_functions: 8
  tests/test_simulator.py:
    sha256: 70ee82d4d834cd9a3ce3208919aefccd31e5969650b37e000eb3456060ec6213
    test_functions: 41
  tests/test_simulator_reports.py:
    sha256: db51557e6deb7aa781232b16799779b31e896b2de8d160954f97e2bd0e74c8af
    test_functions: 8
  tests/test_solver_expectations.py:
    sha256: 8c49ecf714af318e0ee99713cb4b0a7c7a289454f620f4e5bfb6b58bbb054413
    test_functions: 20
  tests/test_solver_export.py:
    sha256: f8e18735b6c62230e909aa3c0e01ce6c185d53db8bb21bafb1d993d2be9e1dc6
    test_functions: 34
  tests/test_spot_vocabulary.py:
    sha256: cef29f7751e672fcf522f2686b460d113d568fe7209258ff4b6b4ba217ebd5e0
    test_functions: 31
  tests/test_spot_vocabulary_downstream.py:
    sha256: 979b0735857de7ee32579bc788c298195771b041011840e216253c65be95dcab
    test_functions: 27
  tests/test_spot_vocabulary_report.py:
    sha256: 33e6f7edfb4f743d0c606298d78f62192c675897f895ed9ee501f11b4bc1b8a1
    test_functions: 7
  tests/test_strategy_contract.py:
    sha256: 5f1e4dec83745041ae9c73ccbd6c7f845f7eff26705b7f49bae2da3e6b93c6c5
    test_functions: 60
  tests/test_table_state.py:
    sha256: 760b23d4a77380ff98b50bee60c5cf1e01f73cba39187702146a83deaad127fc
    test_functions: 46
  tests/test_table_state_strategy.py:
    sha256: 33ae24d660fdee82349c639f5b27a57725138aaaf994758678006b098e8a9010
    test_functions: 20
schema_version: 1
test_function_floor: 1206
