files:
  tests/test_action_order.py:
    sha256: d4a24387414152a5679d8a040f712e34dc01d879ecd20e693b2f6b8a5034ff0f
    test_functions: 21
  tests/test_chart_arrival_probability.py:
    sha256: 02cae845321334450e8789412b68b11b78a1379cf6da821a7479357f2ef8bffc
    test_functions: 5
  tests/test_chart_conversion.py:
    sha256: 57e98ea95c28c7d92ac7359f6d7935e8a6cbc98aa29f1918a79051c8eb276de9
    test_functions: 14
  tests/test_chart_cutover_evidence.py:
    sha256: 1f5a334088bed172ac76a0ec1e5b3e9889d0365f20f71a848009770fa3efb8d9
    test_functions: 17
  tests/test_chart_derivation.py:
    sha256: af883d8ae901cee25315efbea0101808c1c31cd7686e8955b2fc5f5672843ccc
    test_functions: 16
  tests/test_check_scope.py:
    sha256: 13d96d1dea8f0c76bccc8ac143a18b69f1a0bebd35b3732ff616e552c623af33
    test_functions: 13
  tests/test_command_registry.py:
    sha256: 8c65b24ff3c00beb2e87abfa0d53caf5741c3fbf20be5ad215227a6847cf5e0a
    test_functions: 9
  tests/test_derived_chart.py:
    sha256: a964a64cb9447dd4a1753e5a6b88b916284d181136ce0ee90427d67f183a07bb
    test_functions: 19
  tests/test_derived_chart_report.py:
    sha256: 515eddd9cb2f83dd6792dcdb35a6560dc95beba61d98150770d07e3c76f9c4da
    test_functions: 19
  tests/test_derived_chart_report_validators.py:
    sha256: 06d38bd39fe4870f508b4e28f7042e449221fd4ef4afb70e0e8d56f509c6fc5c
    test_functions: 8
  tests/test_engine_fidelity.py:
    sha256: 013a659e736a05f228c5487678591f904c9262d2c8e3b83eb7e4abc48bc5fb03
    test_functions: 52
  tests/test_execplan_delegation.py:
    sha256: a37a70f01787f099ece26466747fb9ba575eb01fcddfe0fd65b3985472cb7ed0
    test_functions: 10
  tests/test_full_table_preflop.py:
    sha256: 59c00dead0e7294452bb72aacec8711dd5c3718b5ba9d73d843b72ae172cf43a
    test_functions: 50
  tests/test_hand_history.py:
    sha256: 9d431bf4ffbaedeb940f907fd5fe0929b3d0d6cdf2f3f11fc2e0eb0d5459497c
    test_functions: 18
  tests/test_import_smoke.py:
    sha256: 13c10f0f4c58cbaa9a83a8c49507d021e804846395473bdfcd900f01415fe46e
    test_functions: 1
  tests/test_loop_fleet.py:
    sha256: 6e7668a549aaddb54fd692c07b03efdeb661294cce82c0ed798af22292926808
    test_functions: 34
  tests/test_loop_machinery.py:
    sha256: b6175f80d1b1bc894482f788eda0d936145393abb9e8dea0d3ba448ea29a0eba
    test_functions: 59
  tests/test_poker_core.py:
    sha256: a11a3e8b94dcb37033e366fa55c13ae6007c8f75318f315a69b3e4e9041953b2
    test_functions: 9
  tests/test_postflop_fallback.py:
    sha256: 424ff5a020892cb9192d86a56df18abc7aeda9978bf05370a483835e6d715bd2
    test_functions: 26
  tests/test_postflop_fallback_components.py:
    sha256: e4ba7b317710d48f70f691c44be02db92fc8ff3bec29f638bf15754e0b83df53
    test_functions: 13
  tests/test_preflop_artifacts.py:
    sha256: 03db513bf566a9a92da4e1e15de09ff3660eb8992bd12f3afd9018652f830f83
    test_functions: 30
  tests/test_preflop_committed_charts.py:
    sha256: 4542197e65c4746627c319b365a554bc55f28bd6d203e40b723e03fee46c4b41
    test_functions: 30
  tests/test_preflop_lookup.py:
    sha256: ab3e2135595d0db317f4c7976171ae6c7b311e102d01c9176555bf3ad2aab81e
    test_functions: 24
  tests/test_preflop_positions.py:
    sha256: cb051eb9e8e2f707f306ae182ad38bc038870661dde5ba002b60989c0c2c1c87
    test_functions: 28
  tests/test_quality_hardening.py:
    sha256: 7f67f6962cb108fde91960995f538154bf21d78b821e85001e81d36eedbb46db
    test_functions: 25
  tests/test_sample_comparison.py:
    sha256: e38eb1ff6e8e6517b92b2a95c23d69c9bc46f6d591d9d0ab6f09152688e0b769
    test_functions: 46
  tests/test_sample_comparison_report.py:
    sha256: bfe293eda033f8a2ab9610e1665a029fa6b29511389b61a48172f01cb7a50cfe
    test_functions: 8
  tests/test_simulator.py:
    sha256: 372304850fff045e6ca99629ddec076b77c2847d7ddbb72aeff5b1cb6fed569b
    test_functions: 49
  tests/test_solver_expectations.py:
    sha256: d5c646eb8dffed8f0515f5395128253c2385059a77039b0854f8cb1a648e855e
    test_functions: 19
  tests/test_solver_export.py:
    sha256: 2ff368204a87efd0ece744cb3759a980a301de3d8a6e0f4bbca448e6ac1f7d89
    test_functions: 32
  tests/test_spot_vocabulary.py:
    sha256: 12ec1db3b1c34530201275f6e701c4f73d877002cd5c01f6bd3f868cdfbd17c6
    test_functions: 31
  tests/test_spot_vocabulary_downstream.py:
    sha256: 7623ee3fa0563417c3a4bf8e3a9606794118da2611d5ca2d6a664c07c8798ac5
    test_functions: 32
  tests/test_strategy_contract.py:
    sha256: a977a4f9f784d9fd3afe111254c77f38b631ec1d39ae84727e3b039648258c2b
    test_functions: 59
  tests/test_table_state.py:
    sha256: da9d1bea8666de93c7c8509375b2b1762216cce3d3d7f30ffa0799e9e1a2942e
    test_functions: 46
  tests/test_table_state_strategy.py:
    sha256: 338944745c43e72b9d92618ac3442a7f2d5fc58dfccad294d726a5a561009389
    test_functions: 20
schema_version: 1
test_function_floor: 892
